
Microsoft Visual Studio Solution File, Format Version 12.00
# Visual Studio Version 16
VisualStudioVersion = 16.0.31105.61
MinimumVisualStudioVersion = 10.0.40219.1
Project("{2150E333-8FDC-42A3-9474-1A3956D46DE8}") = "Pagination", "Pagination", "{0A933DD0-9E5A-4198-AFF7-E56B5E504042}"
EndProject
Project("{2150E333-8FDC-42A3-9474-1A3956D46DE8}") = "1. Presentation", "1. Presentation", "{E4DA54FD-F7EA-44DF-89C8-5C460EE9FCD5}"
EndProject
Project("{2150E333-8FDC-42A3-9474-1A3956D46DE8}") = "2. Application", "2. Application", "{4458B817-2C73-4B0A-BDFD-4DFB61C8F615}"
EndProject
Project("{2150E333-8FDC-42A3-9474-1A3956D46DE8}") = "3. Service", "3. Service", "{E1D471FD-6715-4865-853C-9E7EF2E8683D}"
EndProject
Project("{2150E333-8FDC-42A3-9474-1A3956D46DE8}") = "4. Domain", "4. Domain", "{F2C187AE-B859-44C0-B1BC-5B3CF97DD05B}"
EndProject
Project("{2150E333-8FDC-42A3-9474-1A3956D46DE8}") = "5. Infra", "5. Infra", "{3711A82A-B7CA-47AA-B8FD-38E190810443}"
EndProject
Project("{FAE04EC0-301F-11D3-BF4B-00C04F79EFBC}") = "Api", "..\Api\Api.csproj", "{24BCE944-34C4-4004-8587-E2F5D6E9E6D2}"
EndProject
Project("{FAE04EC0-301F-11D3-BF4B-00C04F79EFBC}") = "Service", "..\Service\Service.csproj", "{7C8BE91F-6CA2-412D-9DB7-FB0350CB1F24}"
EndProject
Project("{FAE04EC0-301F-11D3-BF4B-00C04F79EFBC}") = "ViewModels", "..\ViewModels\ViewModels.csproj", "{32DB04C2-0EAB-4848-8C46-3D8BF9095399}"
EndProject
Project("{FAE04EC0-301F-11D3-BF4B-00C04F79EFBC}") = "Infra", "..\Infra\Infra.csproj", "{A511BD19-F22E-43FA-B25B-CA03CCA7A871}"
EndProject
Project("{FAE04EC0-301F-11D3-BF4B-00C04F79EFBC}") = "Domains", "..\Domains\Domains.csproj", "{3CAA35D9-7468-44BF-B6AE-424BB1BDB647}"
EndProject
Global
	GlobalSection(SolutionConfigurationPlatforms) = preSolution
		Debug|Any CPU = Debug|Any CPU
		Release|Any CPU = Release|Any CPU
	EndGlobalSection
	GlobalSection(ProjectConfigurationPlatforms) = postSolution
		{24BCE944-34C4-4004-8587-E2F5D6E9E6D2}.Debug|Any CPU.ActiveCfg = Debug|Any CPU
		{24BCE944-34C4-4004-8587-E2F5D6E9E6D2}.Debug|Any CPU.Build.0 = Debug|Any CPU
		{24BCE944-34C4-4004-8587-E2F5D6E9E6D2}.Release|Any CPU.ActiveCfg = Release|Any CPU
		{24BCE944-34C4-4004-8587-E2F5D6E9E6D2}.Release|Any CPU.Build.0 = Release|Any CPU
		{7C8BE91F-6CA2-412D-9DB7-FB0350CB1F24}.Debug|Any CPU.ActiveCfg = Debug|Any CPU
		{7C8BE91F-6CA2-412D-9DB7-FB0350CB1F24}.Debug|Any CPU.Build.0 = Debug|Any CPU
		{7C8BE91F-6CA2-412D-9DB7-FB0350CB1F24}.Release|Any CPU.ActiveCfg = Release|Any CPU
		{7C8BE91F-6CA2-412D-9DB7-FB0350CB1F24}.Release|Any CPU.Build.0 = Release|Any CPU
		{32DB04C2-0EAB-4848-8C46-3D8BF9095399}.Debug|Any CPU.ActiveCfg = Debug|Any CPU
		{32DB04C2-0EAB-4848-8C46-3D8BF9095399}.Debug|Any CPU.Build.0 = Debug|Any CPU
		{32DB04C2-0EAB-4848-8C46-3D8BF9095399}.Release|Any CPU.ActiveCfg = Release|Any CPU
		{32DB04C2-0EAB-4848-8C46-3D8BF9095399}.Release|Any CPU.Build.0 = Release|Any CPU
		{A511BD19-F22E-43FA-B25B-CA03CCA7A871}.Debug|Any CPU.ActiveCfg = Debug|Any CPU
		{A511BD19-F22E-43FA-B25B-CA03CCA7A871}.Debug|Any CPU.Build.0 = Debug|Any CPU
		{A511BD19-F22E-43FA-B25B-CA03CCA7A871}.Release|Any CPU.ActiveCfg = Release|Any CPU
		{A511BD19-F22E-43FA-B25B-CA03CCA7A871}.Release|Any CPU.Build.0 = Release|Any CPU
		{3CAA35D9-7468-44BF-B6AE-424BB1BDB647}.Debug|Any CPU.ActiveCfg = Debug|Any CPU
		{3CAA35D9-7468-44BF-B6AE-424BB1BDB647}.Debug|Any CPU.Build.0 = Debug|Any CPU
		{3CAA35D9-7468-44BF-B6AE-424BB1BDB647}.Release|Any CPU.ActiveCfg = Release|Any CPU
		{3CAA35D9-7468-44BF-B6AE-424BB1BDB647}.Release|Any CPU.Build.0 = Release|Any CPU
	EndGlobalSection
	GlobalSection(SolutionProperties) = preSolution
		HideSolutionNode = FALSE
	EndGlobalSection
	GlobalSection(NestedProjects) = preSolution
		{E4DA54FD-F7EA-44DF-89C8-5C460EE9FCD5} = {0A933DD0-9E5A-4198-AFF7-E56B5E504042}
		{4458B817-2C73-4B0A-BDFD-4DFB61C8F615} = {0A933DD0-9E5A-4198-AFF7-E56B5E504042}
		{E1D471FD-6715-4865-853C-9E7EF2E8683D} = {0A933DD0-9E5A-4198-AFF7-E56B5E504042}
		{F2C187AE-B859-44C0-B1BC-5B3CF97DD05B} = {0A933DD0-9E5A-4198-AFF7-E56B5E504042}
		{3711A82A-B7CA-47AA-B8FD-38E190810443} = {0A933DD0-9E5A-4198-AFF7-E56B5E504042}
		{24BCE944-34C4-4004-8587-E2F5D6E9E6D2} = {4458B817-2C73-4B0A-BDFD-4DFB61C8F615}
		{7C8BE91F-6CA2-412D-9DB7-FB0350CB1F24} = {E1D471FD-6715-4865-853C-9E7EF2E8683D}
		{32DB04C2-0EAB-4848-8C46-3D8BF9095399} = {E1D471FD-6715-4865-853C-9E7EF2E8683D}
		{A511BD19-F22E-43FA-B25B-CA03CCA7A871} = {3711A82A-B7CA-47AA-B8FD-38E190810443}
		{3CAA35D9-7468-44BF-B6AE-424BB1BDB647} = {F2C187AE-B859-44C0-B1BC-5B3CF97DD05B}
	EndGlobalSection
	GlobalSection(ExtensibilityGlobals) = postSolution
		SolutionGuid = {0886CFB2-61FC-484E-9C50-BB4A52C7272F}
	EndGlobalSection
EndGlobal
